
Microsoft Visual Studio Solution File, Format Version 12.00
# Visual Studio Version 17
VisualStudioVersion = 17.3.32819.101
MinimumVisualStudioVersion = 10.0.40219.1
Project("{FAE04EC0-301F-11D3-BF4B-00C04F79EFBC}") = "ArrayMerger", "ArrayMerger\ArrayMerger.csproj", "{C869EB49-EC95-4ABE-BB1D-8454BECB89A3}"
EndProject
Global
	GlobalSection(SolutionConfigurationPlatforms) = preSolution
		Debug|Any CPU = Debug|Any CPU
		Release|Any CPU = Release|Any CPU
	EndGlobalSection
	GlobalSection(ProjectConfigurationPlatforms) = postSolution
		{C869EB49-EC95-4ABE-BB1D-8454BECB89A3}.Debug|Any CPU.ActiveCfg = Debug|Any CPU
		{C869EB49-EC95-4ABE-BB1D-8454BECB89A3}.Debug|Any CPU.Build.0 = Debug|Any CPU
		{C869EB49-EC95-4ABE-BB1D-8454BECB89A3}.Release|Any CPU.ActiveCfg = Release|Any CPU
		{C869EB49-EC95-4ABE-BB1D-8454BECB89A3}.Release|Any CPU.Build.0 = Release|Any CPU
	EndGlobalSection
	GlobalSection(SolutionProperties) = preSolution
		HideSolutionNode = FALSE
	EndGlobalSection
	GlobalSection(ExtensibilityGlobals) = postSolution
		SolutionGuid = {9FBD5D4E-6FCA-4F85-9E92-0F1D8EE10183}
	EndGlobalSection
EndGlobal
